speakeasyVersion: 1.789.0
sources:
    OpenMail API:
        sourceNamespace: openmail-api
        sourceRevisionDigest: sha256:15d34a2aabfb41027572699faaa395e0e62211e50b37abc4ae8345701316b2b8
        sourceBlobDigest: sha256:347bb7c1e2a5f38937aeac80583e954197dcbef1bb6e1be6e188227a37b83c0a
        tags:
            - latest
targets:
    openmail-sdk:
        source: OpenMail API
        sourceNamespace: openmail-api
        sourceRevisionDigest: sha256:15d34a2aabfb41027572699faaa395e0e62211e50b37abc4ae8345701316b2b8
        sourceBlobDigest: sha256:347bb7c1e2a5f38937aeac80583e954197dcbef1bb6e1be6e188227a37b83c0a
        codeSamplesNamespace: openmail-api-typescript-code-samples
        codeSamplesRevisionDigest: sha256:8cae09f32f7f27d6007df00614b6d2dd90508169cf19c4e878c7894ade027bb3
workflow:
    workflowVersion: 1.0.0
    speakeasyVersion: latest
    sources:
        OpenMail API:
            inputs:
                - location: registry.speakeasyapi.dev/openmail/openmail-specs/openmail-api
    targets:
        openmail-sdk:
            target: typescript
            source: OpenMail API
            codeSamples:
                registry:
                    location: registry.speakeasyapi.dev/openmail/openmail-specs/openmail-api-typescript-code-samples
                labelOverride:
                    fixedValue: Typescript (SDK)
                blocking: false
